
Microsoft Visual Studio Solution File, Format Version 12.00
# Visual Studio Version 17
VisualStudioVersion = 17.10.35027.167
MinimumVisualStudioVersion = 10.0.40219.1
Project("{FAE04EC0-301F-11D3-BF4B-00C04F79EFBC}") = "BlockEditor", "BlockEditor\BlockEditor.csproj", "{31C3230D-E606-4C25-97F1-2CFF5C05EEE2}"
EndProject
Global
	GlobalSection(SolutionConfigurationPlatforms) = preSolution
		Debug|Any CPU = Debug|Any CPU
		Release|Any CPU = Release|Any CPU
	EndGlobalSection
	GlobalSection(ProjectConfigurationPlatforms) = postSolution
		{31C3230D-E606-4C25-97F1-2CFF5C05EEE2}.Debug|Any CPU.ActiveCfg = Debug|Any CPU
		{31C3230D-E606-4C25-97F1-2CFF5C05EEE2}.Debug|Any CPU.Build.0 = Debug|Any CPU
		{31C3230D-E606-4C25-97F1-2CFF5C05EEE2}.Release|Any CPU.ActiveCfg = Release|Any CPU
		{31C3230D-E606-4C25-97F1-2CFF5C05EEE2}.Release|Any CPU.Build.0 = Release|Any CPU
	EndGlobalSection
	GlobalSection(SolutionProperties) = preSolution
		HideSolutionNode = FALSE
	EndGlobalSection
	GlobalSection(ExtensibilityGlobals) = postSolution
		SolutionGuid = {968F8F6F-382A-4455-A901-455A90822FCA}
	EndGlobalSection
EndGlobal
